// !$*UTF8*$!
{
	archiveVersion = 1;
	classes = {
	};
	objectVersion = 50;
	objects = {

/* Begin PBXBuildFile section */
		366F2B242605DF2A006B7416 /* DiceThrowApp.swift in Sources */ = {isa = PBXBuildFile; fileRef = 366F2B232605DF2A006B7416 /* DiceThrowApp.swift */; };
		366F2B262605DF2A006B7416 /* ContentView.swift in Sources */ = {isa = PBXBuildFile; fileRef = 366F2B252605DF2A006B7416 /* ContentView.swift */; };
		366F2B282605DF2B006B7416 /* Assets.xcassets in Resources */ = {isa = PBXBuildFile; fileRef = 366F2B272605DF2B006B7416 /* Assets.xcassets */; };
		366F2B2B2605DF2B006B7416 /* Preview Assets.xcassets in Resources */ = {isa = PBXBuildFile; fileRef = 366F2B2A2605DF2B006B7416 /* Preview Assets.xcassets */; };
		366F2B2D2605DF2B006B7416 /* Persistence.swift in Sources */ = {isa = PBXBuildFile; fileRef = 366F2B2C2605DF2B006B7416 /* Persistence.swift */; };
		366F2B302605DF2B006B7416 /* DiceThrow.xcdatamodeld in Sources */ = {isa = PBXBuildFile; fileRef = 366F2B2E2605DF2B006B7416 /* DiceThrow.xcdatamodeld */; };
		366F2B392605DF6E006B7416 /* ContentViewDefault.swift in Sources */ = {isa = PBXBuildFile; fileRef = 366F2B382605DF6E006B7416 /* ContentViewDefault.swift */; };
		366F2B3C2605E0E0006B7416 /* DiceView.swift in Sources */ = {isa = PBXBuildFile; fileRef = 366F2B3B2605E0E0006B7416 /* DiceView.swift */; };
		366F2B3F2605E104006B7416 /* ResultsView.swift in Sources */ = {isa = PBXBuildFile; fileRef = 366F2B3E2605E104006B7416 /* ResultsView.swift */; };
/* End PBXBuildFile section */

/* Begin PBXFileReference section */
		366F2B202605DF2A006B7416 /* DiceThrow.app */ = {isa = PBXFileReference; explicitFileType = wrapper.application; includeInIndex = 0; path = DiceThrow.app; sourceTree = BUILT_PRODUCTS_DIR; };
		366F2B232605DF2A006B7416 /* DiceThrowApp.swift */ = {isa = PBXFileReference; lastKnownFileType = sourcecode.swift; path = DiceThrowApp.swift; sourceTree = "<group>"; };
		366F2B252605DF2A006B7416 /* ContentView.swift */ = {isa = PBXFileReference; lastKnownFileType = sourcecode.swift; path = ContentView.swift; sourceTree = "<group>"; };
		366F2B272605DF2B006B7416 /* Assets.xcassets */ = {isa = PBXFileReference; lastKnownFileType = folder.assetcatalog; path = Assets.xcassets; sourceTree = "<group>"; };
		366F2B2A2605DF2B006B7416 /* Preview Assets.xcassets */ = {isa = PBXFileReference; lastKnownFileType = folder.assetcatalog; path = "Preview Assets.xcassets"; sourceTree = "<group>"; };
		366F2B2C2605DF2B006B7416 /* Persistence.swift */ = {isa = PBXFileReference; lastKnownFileType = sourcecode.swift; path = Persistence.swift; sourceTree = "<group>"; };
		366F2B2F2605DF2B006B7416 /* DiceThrow.xcdatamodel */ = {isa = PBXFileReference; lastKnownFileType = wrapper.xcdatamodel; path = DiceThrow.xcdatamodel; sourceTree = "<group>"; };
		366F2B312605DF2B006B7416 /* Info.plist */ = {isa = PBXFileReference; lastKnownFileType = text.plist.xml; path = Info.plist; sourceTree = "<group>"; };
		366F2B382605DF6E006B7416 /* ContentViewDefault.swift */ = {isa = PBXFileReference; lastKnownFileType = sourcecode.swift; path = ContentViewDefault.swift; sourceTree = "<group>"; };
		366F2B3B2605E0E0006B7416 /* DiceView.swift */ = {isa = PBXFileReference; lastKnownFileType = sourcecode.swift; path = DiceView.swift; sourceTree = "<group>"; };
		366F2B3E2605E104006B7416 /* ResultsView.swift */ = {isa = PBXFileReference; lastKnownFileType = sourcecode.swift; path = ResultsView.swift; sourceTree = "<group>"; };
/* End PBXFileReference section */

/* Begin PBXFrameworksBuildPhase section */
		366F2B1D2605DF2A006B7416 /* Frameworks */ = {
			isa = PBXFrameworksBuildPhase;
			buildActionMask = 2147483647;
			files = (
			);
			runOnlyForDeploymentPostprocessing = 0;
		};
/* End PBXFrameworksBuildPhase section */

/* Begin PBXGroup section */
		366F2B172605DF2A006B7416 = {
			isa = PBXGroup;
			children = (
				366F2B222605DF2A006B7416 /* DiceThrow */,
				366F2B212605DF2A006B7416 /* Products */,
			);
			sourceTree = "<group>";
		};
		366F2B212605DF2A006B7416 /* Products */ = {
			isa = PBXGroup;
			children = (
				366F2B202605DF2A006B7416 /* DiceThrow.app */,
			);
			name = Products;
			sourceTree = "<group>";
		};
		366F2B222605DF2A006B7416 /* DiceThrow */ = {
			isa = PBXGroup;
			children = (
				366F2B232605DF2A006B7416 /* DiceThrowApp.swift */,
				366F2B252605DF2A006B7416 /* ContentView.swift */,
				366F2B3B2605E0E0006B7416 /* DiceView.swift */,
				366F2B3E2605E104006B7416 /* ResultsView.swift */,
				366F2B382605DF6E006B7416 /* ContentViewDefault.swift */,
				366F2B272605DF2B006B7416 /* Assets.xcassets */,
				366F2B2C2605DF2B006B7416 /* Persistence.swift */,
				366F2B312605DF2B006B7416 /* Info.plist */,
				366F2B2E2605DF2B006B7416 /* DiceThrow.xcdatamodeld */,
				366F2B292605DF2B006B7416 /* Preview Content */,
			);
			path = DiceThrow;
			sourceTree = "<group>";
		};
		366F2B292605DF2B006B7416 /* Preview Content */ = {
			isa = PBXGroup;
			children = (
				366F2B2A2605DF2B006B7416 /* Preview Assets.xcassets */,
			);
			path = "Preview Content";
			sourceTree = "<group>";
		};
/* End PBXGroup section */

/* Begin PBXNativeTarget section */
		366F2B1F2605DF2A006B7416 /* DiceThrow */ = {
			isa = PBXNativeTarget;
			buildConfigurationList = 366F2B342605DF2B006B7416 /* Build configuration list for PBXNativeTarget "DiceThrow" */;
			buildPhases = (
				366F2B1C2605DF2A006B7416 /* Sources */,
				366F2B1D2605DF2A006B7416 /* Frameworks */,
				366F2B1E2605DF2A006B7416 /* Resources */,
			);
			buildRules = (
			);
			dependencies = (
			);
			name = DiceThrow;
			productName = DiceThrow;
			productReference = 366F2B202605DF2A006B7416 /* DiceThrow.app */;
			productType = "com.apple.product-type.application";
		};
/* End PBXNativeTarget section */

/* Begin PBXProject section */
		366F2B182605DF2A006B7416 /* Project object */ = {
			isa = PBXProject;
			attributes = {
				LastSwiftUpdateCheck = 1240;
				LastUpgradeCheck = 1240;
				TargetAttributes = {
					366F2B1F2605DF2A006B7416 = {
						CreatedOnToolsVersion = 12.4;
					};
				};
			};
			buildConfigurationList = 366F2B1B2605DF2A006B7416 /* Build configuration list for PBXProject "DiceThrow" */;
			compatibilityVersion = "Xcode 9.3";
			developmentRegion = en;
			hasScannedForEncodings = 0;
			knownRegions = (
				en,
				Base,
			);
			mainGroup = 366F2B172605DF2A006B7416;
			productRefGroup = 366F2B212605DF2A006B7416 /* Products */;
			projectDirPath = "";
			projectRoot = "";
			targets = (
				366F2B1F2605DF2A006B7416 /* DiceThrow */,
			);
		};
/* End PBXProject section */

/* Begin PBXResourcesBuildPhase section */
		366F2B1E2605DF2A006B7416 /* Resources */ = {
			isa = PBXResourcesBuildPhase;
			buildActionMask = 2147483647;
			files = (
				366F2B2B2605DF2B006B7416 /* Preview Assets.xcassets in Resources */,
				366F2B282605DF2B006B7416 /* Assets.xcassets in Resources */,
			);
			runOnlyForDeploymentPostprocessing = 0;
		};
/* End PBXResourcesBuildPhase section */

/* Begin PBXSourcesBuildPhase section */
		366F2B1C2605DF2A006B7416 /* Sources */ = {
			isa = PBXSourcesBuildPhase;
			buildActionMask = 2147483647;
			files = (
				366F2B2D2605DF2B006B7416 /* Persistence.swift in Sources */,
				366F2B3C2605E0E0006B7416 /* DiceView.swift in Sources */,
				366F2B262605DF2A006B7416 /* ContentView.swift in Sources */,
				366F2B392605DF6E006B7416 /* ContentViewDefault.swift in Sources */,
				366F2B3F2605E104006B7416 /* ResultsView.swift in Sources */,
				366F2B242605DF2A006B7416 /* DiceThrowApp.swift in Sources */,
				366F2B302605DF2B006B7416 /* DiceThrow.xcdatamodeld in Sources */,
			);
			runOnlyForDeploymentPostprocessing = 0;
		};
/* End PBXSourcesBuildPhase section */

/* Begin XCBuildConfiguration section */
		366F2B322605DF2B006B7416 /* Debug */ = {
			isa = XCBuildConfiguration;
			buildSettings = {
				ALWAYS_SEARCH_USER_PATHS = NO;
				CLANG_ANALYZER_NONNULL = YES;
				CLANG_ANALYZER_NUMBER_OBJECT_CONVERSION = YES_AGGRESSIVE;
				CLANG_CXX_LANGUAGE_STANDARD = "gnu++14";
				CLANG_CXX_LIBRARY = "libc++";
				CLANG_ENABLE_MODULES = YES;
				CLANG_ENABLE_OBJC_ARC = YES;
				CLANG_ENABLE_OBJC_WEAK = YES;
				CLANG_WARN_BLOCK_CAPTURE_AUTORELEASING = YES;
				CLANG_WARN_BOOL_CONVERSION = YES;
				CLANG_WARN_COMMA = YES;
				CLANG_WARN_CONSTANT_CONVERSION = YES;
				CLANG_WARN_DEPRECATED_OBJC_IMPLEMENTATIONS = YES;
				CLANG_WARN_DIRECT_OBJC_ISA_USAGE = YES_ERROR;
				CLANG_WARN_DOCUMENTATION_COMMENTS = YES;
				CLANG_WARN_EMPTY_BODY = YES;
				CLANG_WARN_ENUM_CONVERSION = YES;
				CLANG_WARN_INFINITE_RECURSION = YES;
				CLANG_WARN_INT_CONVERSION = YES;
				CLANG_WARN_NON_LITERAL_NULL_CONVERSION = YES;
				CLANG_WARN_OBJC_IMPLICIT_RETAIN_SELF = YES;
				CLANG_WARN_OBJC_LITERAL_CONVERSION = YES;
				CLANG_WARN_OBJC_ROOT_CLASS = YES_ERROR;
				CLANG_WARN_QUOTED_INCLUDE_IN_FRAMEWORK_HEADER = YES;
				CLANG_WARN_RANGE_LOOP_ANALYSIS = YES;
				CLANG_WARN_STRICT_PROTOTYPES = YES;
				CLANG_WARN_SUSPICIOUS_MOVE = YES;
				CLANG_WARN_UNGUARDED_AVAILABILITY = YES_AGGRESSIVE;
				CLANG_WARN_UNREACHABLE_CODE = YES;
				CLANG_WARN__DUPLICATE_METHOD_MATCH = YES;
				COPY_PHASE_STRIP = NO;
				DEBUG_INFORMATION_FORMAT = dwarf;
				ENABLE_STRICT_OBJC_MSGSEND = YES;
				ENABLE_TESTABILITY = YES;
				GCC_C_LANGUAGE_STANDARD = gnu11;
				GCC_DYNAMIC_NO_PIC = NO;
				GCC_NO_COMMON_BLOCKS = YES;
				GCC_OPTIMIZATION_LEVEL = 0;
				GCC_PREPROCESSOR_DEFINITIONS = (
					"DEBUG=1",
					"$(inherited)",
				);
				GCC_WARN_64_TO_32_BIT_CONVERSION = YES;
				GCC_WARN_ABOUT_RETURN_TYPE = YES_ERROR;
				GCC_WARN_UNDECLARED_SELECTOR = YES;
				GCC_WARN_UNINITIALIZED_AUTOS = YES_AGGRESSIVE;
				GCC_WARN_UNUSED_FUNCTION = YES;
				GCC_WARN_UNUSED_VARIABLE = YES;
				IPHONEOS_DEPLOYMENT_TARGET = 14.4;
				MTL_ENABLE_DEBUG_INFO = INCLUDE_SOURCE;
				MTL_FAST_MATH = YES;
				ONLY_ACTIVE_ARCH = YES;
				SDKROOT = iphoneos;
				SWIFT_ACTIVE_COMPILATION_CONDITIONS = DEBUG;
				SWIFT_OPTIMIZATION_LEVEL = "-Onone";
			};
			name = Debug;
		};
		366F2B332605DF2B006B7416 /* Release */ = {
			isa = XCBuildConfiguration;
			buildSettings = {
				ALWAYS_SEARCH_USER_PATHS = NO;
				CLANG_ANALYZER_NONNULL = YES;
				CLANG_ANALYZER_NUMBER_OBJECT_CONVERSION = YES_AGGRESSIVE;
				CLANG_CXX_LANGUAGE_STANDARD = "gnu++14";
				CLANG_CXX_LIBRARY = "libc++";
				CLANG_ENABLE_MODULES = YES;
				CLANG_ENABLE_OBJC_ARC = YES;
				CLANG_ENABLE_OBJC_WEAK = YES;
				CLANG_WARN_BLOCK_CAPTURE_AUTORELEASING = YES;
				CLANG_WARN_BOOL_CONVERSION = YES;
				CLANG_WARN_COMMA = YES;
				CLANG_WARN_CONSTANT_CONVERSION = YES;
				CLANG_WARN_DEPRECATED_OBJC_IMPLEMENTATIONS = YES;
				CLANG_WARN_DIRECT_OBJC_ISA_USAGE = YES_ERROR;
				CLANG_WARN_DOCUMENTATION_COMMENTS = YES;
				CLANG_WARN_EMPTY_BODY = YES;
				CLANG_WARN_ENUM_CONVERSION = YES;
				CLANG_WARN_INFINITE_RECURSION = YES;
				CLANG_WARN_INT_CONVERSION = YES;
				CLANG_WARN_NON_LITERAL_NULL_CONVERSION = YES;
				CLANG_WARN_OBJC_IMPLICIT_RETAIN_SELF = YES;
				CLANG_WARN_OBJC_LITERAL_CONVERSION = YES;
				CLANG_WARN_OBJC_ROOT_CLASS = YES_ERROR;
				CLANG_WARN_QUOTED_INCLUDE_IN_FRAMEWORK_HEADER = YES;
				CLANG_WARN_RANGE_LOOP_ANALYSIS = YES;
				CLANG_WARN_STRICT_PROTOTYPES = YES;
				CLANG_WARN_SUSPICIOUS_MOVE = YES;
				CLANG_WARN_UNGUARDED_AVAILABILITY = YES_AGGRESSIVE;
				CLANG_WARN_UNREACHABLE_CODE = YES;
				CLANG_WARN__DUPLICATE_METHOD_MATCH = YES;
				COPY_PHASE_STRIP = NO;
				DEBUG_INFORMATION_FORMAT = "dwarf-with-dsym";
				ENABLE_NS_ASSERTIONS = NO;
				ENABLE_STRICT_OBJC_MSGSEND = YES;
				GCC_C_LANGUAGE_STANDARD = gnu11;
				GCC_NO_COMMON_BLOCKS = YES;
				GCC_WARN_64_TO_32_BIT_CONVERSION = YES;
				GCC_WARN_ABOUT_RETURN_TYPE = YES_ERROR;
				GCC_WARN_UNDECLARED_SELECTOR = YES;
				GCC_WARN_UNINITIALIZED_AUTOS = YES_AGGRESSIVE;
				GCC_WARN_UNUSED_FUNCTION = YES;
				GCC_WARN_UNUSED_VARIABLE = YES;
				IPHONEOS_DEPLOYMENT_TARGET = 14.4;
				MTL_ENABLE_DEBUG_INFO = NO;
				MTL_FAST_MATH = YES;
				SDKROOT = iphoneos;
				SWIFT_COMPILATION_MODE = wholemodule;
				SWIFT_OPTIMIZATION_LEVEL = "-O";
				VALIDATE_PRODUCT = YES;
			};
			name = Release;
		};
		366F2B352605DF2B006B7416 /* Debug */ = {
			isa = XCBuildConfiguration;
			buildSettings = {
				ASSETCATALOG_COMPILER_APPICON_NAME = AppIcon;
				ASSETCATALOG_COMPILER_GLOBAL_ACCENT_COLOR_NAME = AccentColor;
				CODE_SIGN_STYLE = Automatic;
				DEVELOPMENT_ASSET_PATHS = "\"DiceThrow/Preview Content\"";
				DEVELOPMENT_TEAM = C3JCV3T2B4;
				ENABLE_PREVIEWS = YES;
				INFOPLIST_FILE = DiceThrow/Info.plist;
				IPHONEOS_DEPLOYMENT_TARGET = 14.0;
				LD_RUNPATH_SEARCH_PATHS = (
					"$(inherited)",
					"@executable_path/Frameworks",
				);
				PRODUCT_BUNDLE_IDENTIFIER = com.rubbscreations.DiceThrow;
				PRODUCT_NAME = "$(TARGET_NAME)";
				SWIFT_VERSION = 5.0;
				TARGETED_DEVICE_FAMILY = "1,2";
			};
			name = Debug;
		};
		366F2B362605DF2B006B7416 /* Release */ = {
			isa = XCBuildConfiguration;
			buildSettings = {
				ASSETCATALOG_COMPILER_APPICON_NAME = AppIcon;
				ASSETCATALOG_COMPILER_GLOBAL_ACCENT_COLOR_NAME = AccentColor;
				CODE_SIGN_STYLE = Automatic;
				DEVELOPMENT_ASSET_PATHS = "\"DiceThrow/Preview Content\"";
				DEVELOPMENT_TEAM = C3JCV3T2B4;
				ENABLE_PREVIEWS = YES;
				INFOPLIST_FILE = DiceThrow/Info.plist;
				IPHONEOS_DEPLOYMENT_TARGET = 14.0;
				LD_RUNPATH_SEARCH_PATHS = (
					"$(inherited)",
					"@executable_path/Frameworks",
				);
				PRODUCT_BUNDLE_IDENTIFIER = com.rubbscreations.DiceThrow;
				PRODUCT_NAME = "$(TARGET_NAME)";
				SWIFT_VERSION = 5.0;
				TARGETED_DEVICE_FAMILY = "1,2";
			};
			name = Release;
		};
/* End XCBuildConfiguration section */

/* Begin XCConfigurationList section */
		366F2B1B2605DF2A006B7416 /* Build configuration list for PBXProject "DiceThrow" */ = {
			isa = XCConfigurationList;
			buildConfigurations = (
				366F2B322605DF2B006B7416 /* Debug */,
				366F2B332605DF2B006B7416 /* Release */,
			);
			defaultConfigurationIsVisible = 0;
			defaultConfigurationName = Release;
		};
		366F2B342605DF2B006B7416 /* Build configuration list for PBXNativeTarget "DiceThrow" */ = {
			isa = XCConfigurationList;
			buildConfigurations = (
				366F2B352605DF2B006B7416 /* Debug */,
				366F2B362605DF2B006B7416 /* Release */,
			);
			defaultConfigurationIsVisible = 0;
			defaultConfigurationName = Release;
		};
/* End XCConfigurationList section */

/* Begin XCVersionGroup section */
		366F2B2E2605DF2B006B7416 /* DiceThrow.xcdatamodeld */ = {
			isa = XCVersionGroup;
			children = (
				366F2B2F2605DF2B006B7416 /* DiceThrow.xcdatamodel */,
			);
			currentVersion = 366F2B2F2605DF2B006B7416 /* DiceThrow.xcdatamodel */;
			path = DiceThrow.xcdatamodeld;
			sourceTree = "<group>";
			versionGroupType = wrapper.xcdatamodel;
		};
/* End XCVersionGroup section */
	};
	rootObject = 366F2B182605DF2A006B7416 /* Project object */;
}
